
Microsoft Visual Studio Solution File, Format Version 12.00
# Visual Studio Version 17
VisualStudioVersion = 17.5.33414.496
MinimumVisualStudioVersion = 10.0.40219.1
Project("{FAE04EC0-301F-11D3-BF4B-00C04F79EFBC}") = "WpfApplicationChart", "WpfApplicationChart\WpfApplicationChart.csproj", "{35B37D14-714C-4DD9-9A21-1BAC382FB01B}"
EndProject
Global
	GlobalSection(SolutionConfigurationPlatforms) = preSolution
		Debug|Any CPU = Debug|Any CPU
		Release|Any CPU = Release|Any CPU
	EndGlobalSection
	GlobalSection(ProjectConfigurationPlatforms) = postSolution
		{35B37D14-714C-4DD9-9A21-1BAC382FB01B}.Debug|Any CPU.ActiveCfg = Debug|Any CPU
		{35B37D14-714C-4DD9-9A21-1BAC382FB01B}.Debug|Any CPU.Build.0 = Debug|Any CPU
		{35B37D14-714C-4DD9-9A21-1BAC382FB01B}.Release|Any CPU.ActiveCfg = Release|Any CPU
		{35B37D14-714C-4DD9-9A21-1BAC382FB01B}.Release|Any CPU.Build.0 = Release|Any CPU
	EndGlobalSection
	GlobalSection(SolutionProperties) = preSolution
		HideSolutionNode = FALSE
	EndGlobalSection
	GlobalSection(ExtensibilityGlobals) = postSolution
		SolutionGuid = {D624ADF2-47FB-4127-BC65-5F9AFD664127}
	EndGlobalSection
EndGlobal
