
Microsoft Visual Studio Solution File, Format Version 12.00
# Visual Studio Version 17
VisualStudioVersion = 17.5.33414.496
MinimumVisualStudioVersion = 10.0.40219.1
Project("{FAE04EC0-301F-11D3-BF4B-00C04F79EFBC}") = "WpfHello", "WpfHello\WpfHello.csproj", "{FBD3BF33-7F4C-4738-85C9-9790B3CF402E}"
EndProject
Global
	GlobalSection(SolutionConfigurationPlatforms) = preSolution
		Debug|Any CPU = Debug|Any CPU
		Release|Any CPU = Release|Any CPU
	EndGlobalSection
	GlobalSection(ProjectConfigurationPlatforms) = postSolution
		{FBD3BF33-7F4C-4738-85C9-9790B3CF402E}.Debug|Any CPU.ActiveCfg = Debug|Any CPU
		{FBD3BF33-7F4C-4738-85C9-9790B3CF402E}.Debug|Any CPU.Build.0 = Debug|Any CPU
		{FBD3BF33-7F4C-4738-85C9-9790B3CF402E}.Release|Any CPU.ActiveCfg = Release|Any CPU
		{FBD3BF33-7F4C-4738-85C9-9790B3CF402E}.Release|Any CPU.Build.0 = Release|Any CPU
	EndGlobalSection
	GlobalSection(SolutionProperties) = preSolution
		HideSolutionNode = FALSE
	EndGlobalSection
	GlobalSection(ExtensibilityGlobals) = postSolution
		SolutionGuid = {C8311DEA-976D-4FAD-BD1F-37754B3644EF}
	EndGlobalSection
EndGlobal
