
Microsoft Visual Studio Solution File, Format Version 12.00
# Visual Studio Version 17
VisualStudioVersion = 17.5.33414.496
MinimumVisualStudioVersion = 10.0.40219.1
Project("{FAE04EC0-301F-11D3-BF4B-00C04F79EFBC}") = "WpfUserControl", "WpfUserControl\WpfUserControl.csproj", "{053E37D1-7ABA-444C-A58A-570A5CB14D8B}"
EndProject
Global
	GlobalSection(SolutionConfigurationPlatforms) = preSolution
		Debug|Any CPU = Debug|Any CPU
		Release|Any CPU = Release|Any CPU
	EndGlobalSection
	GlobalSection(ProjectConfigurationPlatforms) = postSolution
		{053E37D1-7ABA-444C-A58A-570A5CB14D8B}.Debug|Any CPU.ActiveCfg = Debug|Any CPU
		{053E37D1-7ABA-444C-A58A-570A5CB14D8B}.Debug|Any CPU.Build.0 = Debug|Any CPU
		{053E37D1-7ABA-444C-A58A-570A5CB14D8B}.Release|Any CPU.ActiveCfg = Release|Any CPU
		{053E37D1-7ABA-444C-A58A-570A5CB14D8B}.Release|Any CPU.Build.0 = Release|Any CPU
	EndGlobalSection
	GlobalSection(SolutionProperties) = preSolution
		HideSolutionNode = FALSE
	EndGlobalSection
	GlobalSection(ExtensibilityGlobals) = postSolution
		SolutionGuid = {A409A736-C06B-4768-9E20-4C3365129549}
	EndGlobalSection
EndGlobal
