
Microsoft Visual Studio Solution File, Format Version 12.00
# Visual Studio Version 17
VisualStudioVersion = 17.5.33414.496
MinimumVisualStudioVersion = 10.0.40219.1
Project("{FAE04EC0-301F-11D3-BF4B-00C04F79EFBC}") = "UserForms", "UserForms\UserForms.csproj", "{118E1C97-7597-4D9C-A066-391F417B9FF5}"
EndProject
Global
	GlobalSection(SolutionConfigurationPlatforms) = preSolution
		Debug|Any CPU = Debug|Any CPU
		Release|Any CPU = Release|Any CPU
	EndGlobalSection
	GlobalSection(ProjectConfigurationPlatforms) = postSolution
		{118E1C97-7597-4D9C-A066-391F417B9FF5}.Debug|Any CPU.ActiveCfg = Debug|Any CPU
		{118E1C97-7597-4D9C-A066-391F417B9FF5}.Debug|Any CPU.Build.0 = Debug|Any CPU
		{118E1C97-7597-4D9C-A066-391F417B9FF5}.Release|Any CPU.ActiveCfg = Release|Any CPU
		{118E1C97-7597-4D9C-A066-391F417B9FF5}.Release|Any CPU.Build.0 = Release|Any CPU
	EndGlobalSection
	GlobalSection(SolutionProperties) = preSolution
		HideSolutionNode = FALSE
	EndGlobalSection
	GlobalSection(ExtensibilityGlobals) = postSolution
		SolutionGuid = {008189E2-DAEF-4016-ACB8-C34FBB7002DD}
	EndGlobalSection
EndGlobal
